{
  "version": 4,
  "terraform_version": "0.12.31",
  "serial": 7,
  "lineage": "f0b44d47-a878-0b09-b4b9-a2a94193efbf",
  "outputs": {},
  "resources": [
    {
      "mode": "managed",
      "type": "yandex_compute_instance",
      "name": "app",
      "provider": "provider.yandex",
      "instances": [
        {
          "schema_version": 1,
          "attributes": {
            "allow_recreate": null,
            "allow_stopping_for_update": null,
            "boot_disk": [
              {
                "auto_delete": true,
                "device_name": "fhmo858jjrppvf7gkoc2",
                "disk_id": "fhmo858jjrppvf7gkoc2",
                "initialize_params": [
                  {
                    "block_size": 4096,
                    "description": "",
                    "image_id": "fd8sl99fn7gnhb1n63vq",
                    "name": "",
                    "size": 10,
                    "snapshot_id": "",
                    "type": "network-hdd"
                  }
                ],
                "mode": "READ_WRITE"
              }
            ],
            "created_at": "2022-05-04T18:49:12Z",
            "description": "",
            "folder_id": "b1g0u59gq2m2lcc3em5c",
            "fqdn": "fhm8l9mpmsp9mat4jm1d.auto.internal",
            "hostname": "fhm8l9mpmsp9mat4jm1d",
            "id": "fhm8l9mpmsp9mat4jm1d",
            "labels": {},
            "metadata": {
              "ssh-keys": "ubuntu:ssh-rsa AAAAB3NzaC1yc2EAAAADAQABAAABgQDYETNPkAMyEgwd27a9T3UibHCs+wvFoK1DtkUnMtgv8CSqmnof3MHHVANFrJyT26G4WZQYh9a88Yc5lBrMTkaijGBqFGSAI7767ek7DxxkeHs0Jd81YnzZ1duIFExoOOVpAAHReqL73ZA2pkZtnLBQk1P4VBPl7ijfMTHh98Tj7RKKRgFEVEHwZK/omuKWpTQd7jFXD+8MW/8iWOqEMQx8kJQ+kEEybeL8hI3JYlEIOZeL2uW5vOJ4sr9Ps+z8K1HMTA78J+vpeGHYlohAlS4iac2JJqrtUOG9RtGpiHgUE83JmYtygJrXn+17bjJIRP+WvCIiDZaZMRUoTKSq7oDZZFZugUQMiA0MMJsjIzR/N/n2hdEIgJi9xVRN7txZmiaRPtU8t/WzYlv/1wpSW25LF/RJMUhxeDc1Ewclea8NOkcU7JVBMMAOd7cAquQJePBm/dqDAG5M/5QQG8jOvRHO1HEWDvbs94is4O+uefVyZzt42PIp+VZvNaFMa+49e9U= appuser\n"
            },
            "name": "project-application",
            "network_acceleration_type": "standard",
            "network_interface": [
              {
                "dns_record": [],
                "index": 0,
                "ip_address": "10.128.0.34",
                "ipv4": true,
                "ipv6": false,
                "ipv6_address": "",
                "ipv6_dns_record": [],
                "mac_address": "d0:0d:8a:a6:d9:b7",
                "nat": true,
                "nat_dns_record": [],
                "nat_ip_address": "51.250.2.121",
                "nat_ip_version": "IPV4",
                "security_group_ids": [],
                "subnet_id": "e9bpq95tsdhfkf01k49n"
              }
            ],
            "placement_policy": [
              {
                "host_affinity_rules": [],
                "placement_group_id": ""
              }
            ],
            "platform_id": "standard-v1",
            "resources": [
              {
                "core_fraction": 100,
                "cores": 2,
                "gpus": 0,
                "memory": 2
              }
            ],
            "scheduling_policy": [
              {
                "preemptible": false
              }
            ],
            "secondary_disk": [],
            "service_account_id": "",
            "status": "running",
            "timeouts": null,
            "zone": "ru-central1-a"
          },
          "private": "eyJlMmJmYjczMC1lY2FhLTExZTYtOGY4OC0zNDM2M2JjN2M0YzAiOnsiY3JlYXRlIjozMDAwMDAwMDAwMDAsImRlbGV0ZSI6MzAwMDAwMDAwMDAwLCJ1cGRhdGUiOjMwMDAwMDAwMDAwMH0sInNjaGVtYV92ZXJzaW9uIjoiMSJ9"
        }
      ]
    }
  ]
}
